
Microsoft Visual Studio Solution File, Format Version 12.00
# Visual Studio Version 16
VisualStudioVersion = 16.0.30204.135
MinimumVisualStudioVersion = 10.0.40219.1
Project("{FAE04EC0-301F-11D3-BF4B-00C04F79EFBC}") = "ExtensionMethods", "ExtensionMethods\ExtensionMethods.csproj", "{1539470D-3971-4275-83A6-2266442D56A2}"
EndProject
Global
	GlobalSection(SolutionConfigurationPlatforms) = preSolution
		Debug|Any CPU = Debug|Any CPU
		Release|Any CPU = Release|Any CPU
	EndGlobalSection
	GlobalSection(ProjectConfigurationPlatforms) = postSolution
		{1539470D-3971-4275-83A6-2266442D56A2}.Debug|Any CPU.ActiveCfg = Debug|Any CPU
		{1539470D-3971-4275-83A6-2266442D56A2}.Debug|Any CPU.Build.0 = Debug|Any CPU
		{1539470D-3971-4275-83A6-2266442D56A2}.Release|Any CPU.ActiveCfg = Release|Any CPU
		{1539470D-3971-4275-83A6-2266442D56A2}.Release|Any CPU.Build.0 = Release|Any CPU
	EndGlobalSection
	GlobalSection(SolutionProperties) = preSolution
		HideSolutionNode = FALSE
	EndGlobalSection
	GlobalSection(ExtensibilityGlobals) = postSolution
		SolutionGuid = {10E65271-85DF-4DBD-9586-4097E2AED1DA}
	EndGlobalSection
EndGlobal
